
Microsoft Visual Studio Solution File, Format Version 12.00
# Visual Studio Version 16
VisualStudioVersion = 16.0.30309.148
MinimumVisualStudioVersion = 10.0.40219.1
Project("{FAE04EC0-301F-11D3-BF4B-00C04F79EFBC}") = "BDDANDPOM", "BDDANDPOM\BDDANDPOM.csproj", "{9125308C-D45F-4AD1-9E31-4EBA05D5622B}"
EndProject
Global
	GlobalSection(SolutionConfigurationPlatforms) = preSolution
		Debug|Any CPU = Debug|Any CPU
		Release|Any CPU = Release|Any CPU
	EndGlobalSection
	GlobalSection(ProjectConfigurationPlatforms) = postSolution
		{9125308C-D45F-4AD1-9E31-4EBA05D5622B}.Debug|Any CPU.ActiveCfg = Debug|Any CPU
		{9125308C-D45F-4AD1-9E31-4EBA05D5622B}.Debug|Any CPU.Build.0 = Debug|Any CPU
		{9125308C-D45F-4AD1-9E31-4EBA05D5622B}.Release|Any CPU.ActiveCfg = Release|Any CPU
		{9125308C-D45F-4AD1-9E31-4EBA05D5622B}.Release|Any CPU.Build.0 = Release|Any CPU
	EndGlobalSection
	GlobalSection(SolutionProperties) = preSolution
		HideSolutionNode = FALSE
	EndGlobalSection
	GlobalSection(ExtensibilityGlobals) = postSolution
		SolutionGuid = {B291EF63-4343-46A9-8247-1680182B81BF}
	EndGlobalSection
EndGlobal
